
Microsoft Visual Studio Solution File, Format Version 12.00
# Visual Studio 15
VisualStudioVersion = 15.0.26430.14
MinimumVisualStudioVersion = 10.0.40219.1
Project("{9A19103F-16F7-4668-BE54-9A1E7A4F7556}") = "Web", "Web\Web.csproj", "{9EC5D59F-A18B-4B19-A054-69E3D961C54A}"
EndProject
Project("{FAE04EC0-301F-11D3-BF4B-00C04F79EFBC}") = "Data", "Data\Data.csproj", "{17728419-E56C-405A-9F05-6EB7BE30AFBA}"
EndProject
Global
	GlobalSection(SolutionConfigurationPlatforms) = preSolution
		Debug|Any CPU = Debug|Any CPU
		Release|Any CPU = Release|Any CPU
	EndGlobalSection
	GlobalSection(ProjectConfigurationPlatforms) = postSolution
		{9EC5D59F-A18B-4B19-A054-69E3D961C54A}.Debug|Any CPU.ActiveCfg = Debug|Any CPU
		{9EC5D59F-A18B-4B19-A054-69E3D961C54A}.Debug|Any CPU.Build.0 = Debug|Any CPU
		{9EC5D59F-A18B-4B19-A054-69E3D961C54A}.Release|Any CPU.ActiveCfg = Release|Any CPU
		{9EC5D59F-A18B-4B19-A054-69E3D961C54A}.Release|Any CPU.Build.0 = Release|Any CPU
		{17728419-E56C-405A-9F05-6EB7BE30AFBA}.Debug|Any CPU.ActiveCfg = Debug|Any CPU
		{17728419-E56C-405A-9F05-6EB7BE30AFBA}.Debug|Any CPU.Build.0 = Debug|Any CPU
		{17728419-E56C-405A-9F05-6EB7BE30AFBA}.Release|Any CPU.ActiveCfg = Release|Any CPU
		{17728419-E56C-405A-9F05-6EB7BE30AFBA}.Release|Any CPU.Build.0 = Release|Any CPU
	EndGlobalSection
	GlobalSection(SolutionProperties) = preSolution
		HideSolutionNode = FALSE
	EndGlobalSection
EndGlobal
